
Microsoft Visual Studio Solution File, Format Version 12.00
# Visual Studio Version 16
VisualStudioVersion = 16.0.29230.47
MinimumVisualStudioVersion = 10.0.40219.1
Project("{FAE04EC0-301F-11D3-BF4B-00C04F79EFBC}") = "Prototype Shallow", "Prototype Shallow.csproj", "{B802B34A-08AE-40AD-8454-4E19707E81E8}"
EndProject
Global
	GlobalSection(SolutionConfigurationPlatforms) = preSolution
		Debug|Any CPU = Debug|Any CPU
		Release|Any CPU = Release|Any CPU
	EndGlobalSection
	GlobalSection(ProjectConfigurationPlatforms) = postSolution
		{B802B34A-08AE-40AD-8454-4E19707E81E8}.Debug|Any CPU.ActiveCfg = Debug|Any CPU
		{B802B34A-08AE-40AD-8454-4E19707E81E8}.Debug|Any CPU.Build.0 = Debug|Any CPU
		{B802B34A-08AE-40AD-8454-4E19707E81E8}.Release|Any CPU.ActiveCfg = Release|Any CPU
		{B802B34A-08AE-40AD-8454-4E19707E81E8}.Release|Any CPU.Build.0 = Release|Any CPU
	EndGlobalSection
	GlobalSection(SolutionProperties) = preSolution
		HideSolutionNode = FALSE
	EndGlobalSection
	GlobalSection(ExtensibilityGlobals) = postSolution
		SolutionGuid = {59C321F2-2D87-4BE0-8959-CD92B4CEB752}
	EndGlobalSection
EndGlobal
